
Microsoft Visual Studio Solution File, Format Version 12.00
# Visual Studio Version 17
VisualStudioVersion = 17.1.32228.430
MinimumVisualStudioVersion = 10.0.40219.1
Project("{8BC9CEB8-8B4A-11D0-8D11-00A0C91BC942}") = "PictureSnapper", "PictureSnapper\PictureSnapper.vcxproj", "{8084923D-6AE3-4018-9378-FA17157ED6C8}"
EndProject
Project("{FAE04EC0-301F-11D3-BF4B-00C04F79EFBC}") = "PictureSnapperService", "PictureSnapperService\PictureSnapperService.csproj", "{F0F104CF-F3D4-4932-9F98-AF054D1C4050}"
EndProject
Global
	GlobalSection(SolutionConfigurationPlatforms) = preSolution
		Debug|x64 = Debug|x64
		Release|x64 = Release|x64
	EndGlobalSection
	GlobalSection(ProjectConfigurationPlatforms) = postSolution
		{8084923D-6AE3-4018-9378-FA17157ED6C8}.Debug|x64.ActiveCfg = Debug|x64
		{8084923D-6AE3-4018-9378-FA17157ED6C8}.Debug|x64.Build.0 = Debug|x64
		{8084923D-6AE3-4018-9378-FA17157ED6C8}.Release|x64.ActiveCfg = Release|x64
		{8084923D-6AE3-4018-9378-FA17157ED6C8}.Release|x64.Build.0 = Release|x64
		{F0F104CF-F3D4-4932-9F98-AF054D1C4050}.Debug|x64.ActiveCfg = Debug|x64
		{F0F104CF-F3D4-4932-9F98-AF054D1C4050}.Debug|x64.Build.0 = Debug|x64
		{F0F104CF-F3D4-4932-9F98-AF054D1C4050}.Release|x64.ActiveCfg = Release|x64
	EndGlobalSection
	GlobalSection(SolutionProperties) = preSolution
		HideSolutionNode = FALSE
	EndGlobalSection
	GlobalSection(ExtensibilityGlobals) = postSolution
		SolutionGuid = {F6A317B5-7B43-4BEF-ABFE-FCA00A34510A}
	EndGlobalSection
EndGlobal
